lockfileVersion: '9.0'

settings:
  autoInstallPeers: true
  excludeLinksFromLockfile: false

importers:

  .:
    dependencies:
      react-hook-form:
        specifier: ^7.60.0
        version: 7.60.0(react@19.1.0)

packages:

  react-hook-form@7.60.0:
    resolution: {integrity: sha512-SBrYOvMbDB7cV8ZfNpaiLcgjH/a1c7aK0lK+aNigpf4xWLO8q+o4tcvVurv3c4EOyzn/3dCsYt4GKD42VvJ/+A==}
    engines: {node: '>=18.0.0'}
    peerDependencies:
      react: ^16.8.0 || ^17 || ^18 || ^19

  react@19.1.0:
    resolution: {integrity: sha512-FS+XFBNvn3GTAWq26joslQgWNoFu08F4kl0J4CgdNKADkdSGXQyTCnKteIAJy96Br6YbpEU1LSzV5dYtjMkMDg==}
    engines: {node: '>=0.10.0'}

snapshots:

  react-hook-form@7.60.0(react@19.1.0):
    dependencies:
      react: 19.1.0

  react@19.1.0: {}
